
Microsoft Visual Studio Solution File, Format Version 11.00
# Visual Studio 2010
Project("{FAE04EC0-301F-11D3-BF4B-00C04F79EFBC}") = "SmartilleryUnityWrapper", "SmartilleryUnityWrapper\SmartilleryUnityWrapper.csproj", "{ABA69AED-2FAB-461A-8B4C-56310E78075A}"
EndProject
Global
	GlobalSection(SolutionConfigurationPlatforms) = preSolution
		Debug|Any CPU = Debug|Any CPU
		Release|Any CPU = Release|Any CPU
	EndGlobalSection
	GlobalSection(ProjectConfigurationPlatforms) = postSolution
		{ABA69AED-2FAB-461A-8B4C-56310E78075A}.Debug|Any CPU.ActiveCfg = Debug|Any CPU
		{ABA69AED-2FAB-461A-8B4C-56310E78075A}.Debug|Any CPU.Build.0 = Debug|Any CPU
		{ABA69AED-2FAB-461A-8B4C-56310E78075A}.Release|Any CPU.ActiveCfg = Release|Any CPU
		{ABA69AED-2FAB-461A-8B4C-56310E78075A}.Release|Any CPU.Build.0 = Release|Any CPU
	EndGlobalSection
	GlobalSection(MonoDevelopProperties) = preSolution
		StartupItem = SmartilleryUnityWrapper\SmartilleryUnityWrapper.csproj
	EndGlobalSection
EndGlobal
